
Microsoft Visual Studio Solution File, Format Version 12.00
# Visual Studio Version 16
VisualStudioVersion = 16.0.30503.244
MinimumVisualStudioVersion = 10.0.40219.1
Project("{FAE04EC0-301F-11D3-BF4B-00C04F79EFBC}") = "Algorithm_lab1_2", "Algorithm_lab1_2\Algorithm_lab1_2.csproj", "{4DA305B9-C89A-424A-B7E6-937608AECA0C}"
EndProject
Global
	GlobalSection(SolutionConfigurationPlatforms) = preSolution
		Debug|Any CPU = Debug|Any CPU
		Release|Any CPU = Release|Any CPU
	EndGlobalSection
	GlobalSection(ProjectConfigurationPlatforms) = postSolution
		{4DA305B9-C89A-424A-B7E6-937608AECA0C}.Debug|Any CPU.ActiveCfg = Debug|Any CPU
		{4DA305B9-C89A-424A-B7E6-937608AECA0C}.Debug|Any CPU.Build.0 = Debug|Any CPU
		{4DA305B9-C89A-424A-B7E6-937608AECA0C}.Release|Any CPU.ActiveCfg = Release|Any CPU
		{4DA305B9-C89A-424A-B7E6-937608AECA0C}.Release|Any CPU.Build.0 = Release|Any CPU
	EndGlobalSection
	GlobalSection(SolutionProperties) = preSolution
		HideSolutionNode = FALSE
	EndGlobalSection
	GlobalSection(ExtensibilityGlobals) = postSolution
		SolutionGuid = {74DC41FC-107E-40F2-B5B8-2EB0BAE2DFA3}
	EndGlobalSection
EndGlobal
